
Microsoft Visual Studio Solution File, Format Version 12.00
# Visual Studio Version 17
VisualStudioVersion = 17.7.34009.444
MinimumVisualStudioVersion = 10.0.40219.1
Project("{FAE04EC0-301F-11D3-BF4B-00C04F79EFBC}") = "last na talaga toh pramis", "last na talaga toh pramis\last na talaga toh pramis.csproj", "{7CA6C4BB-CA7E-4297-B83E-DB0CC1253E84}"
EndProject
Global
	GlobalSection(SolutionConfigurationPlatforms) = preSolution
		Debug|Any CPU = Debug|Any CPU
		Release|Any CPU = Release|Any CPU
	EndGlobalSection
	GlobalSection(ProjectConfigurationPlatforms) = postSolution
		{7CA6C4BB-CA7E-4297-B83E-DB0CC1253E84}.Debug|Any CPU.ActiveCfg = Debug|Any CPU
		{7CA6C4BB-CA7E-4297-B83E-DB0CC1253E84}.Debug|Any CPU.Build.0 = Debug|Any CPU
		{7CA6C4BB-CA7E-4297-B83E-DB0CC1253E84}.Release|Any CPU.ActiveCfg = Release|Any CPU
		{7CA6C4BB-CA7E-4297-B83E-DB0CC1253E84}.Release|Any CPU.Build.0 = Release|Any CPU
	EndGlobalSection
	GlobalSection(SolutionProperties) = preSolution
		HideSolutionNode = FALSE
	EndGlobalSection
	GlobalSection(ExtensibilityGlobals) = postSolution
		SolutionGuid = {7F88FDEE-CF5A-4A95-80A5-F3E19635A1EA}
	EndGlobalSection
EndGlobal
